// !$*UTF8*$!
{
	archiveVersion = 1;
	classes = {
	};
	objectVersion = 46;
	objects = {

/* Begin PBXBuildFile section */
		7A142EB11976C5AE008858E9 /* Foundation.framework in Frameworks */ = {isa = PBXBuildFile; fileRef = 7A142EB01976C5AE008858E9 /* Foundation.framework */; };
		7A142EB31976C5AE008858E9 /* CoreGraphics.framework in Frameworks */ = {isa = PBXBuildFile; fileRef = 7A142EB21976C5AE008858E9 /* CoreGraphics.framework */; };
		7A142EB51976C5AE008858E9 /* UIKit.framework in Frameworks */ = {isa = PBXBuildFile; fileRef = 7A142EB41976C5AE008858E9 /* UIKit.framework */; };
		7A142EBB1976C5AE008858E9 /* InfoPlist.strings in Resources */ = {isa = PBXBuildFile; fileRef = 7A142EB91976C5AE008858E9 /* InfoPlist.strings */; };
		7A142EBD1976C5AE008858E9 /* main.m in Sources */ = {isa = PBXBuildFile; fileRef = 7A142EBC1976C5AE008858E9 /* main.m */; };
		7A142EC11976C5AE008858E9 /* LDAppDelegate.m in Sources */ = {isa = PBXBuildFile; fileRef = 7A142EC01976C5AE008858E9 /* LDAppDelegate.m */; };
		7A142EC31976C5AE008858E9 /* Images.xcassets in Resources */ = {isa = PBXBuildFile; fileRef = 7A142EC21976C5AE008858E9 /* Images.xcassets */; };
		7A142ECA1976C5AE008858E9 /* XCTest.framework in Frameworks */ = {isa = PBXBuildFile; fileRef = 7A142EC91976C5AE008858E9 /* XCTest.framework */; };
		7A142ECB1976C5AE008858E9 /* Foundation.framework in Frameworks */ = {isa = PBXBuildFile; fileRef = 7A142EB01976C5AE008858E9 /* Foundation.framework */; };
		7A142ECC1976C5AE008858E9 /* UIKit.framework in Frameworks */ = {isa = PBXBuildFile; fileRef = 7A142EB41976C5AE008858E9 /* UIKit.framework */; };
		7A142ED41976C5AE008858E9 /* InfoPlist.strings in Resources */ = {isa = PBXBuildFile; fileRef = 7A142ED21976C5AE008858E9 /* InfoPlist.strings */; };
		7A142ED61976C5AE008858E9 /* GitLabTests.m in Sources */ = {isa = PBXBuildFile; fileRef = 7A142ED51976C5AE008858E9 /* GitLabTests.m */; };
		7A3922CD1977001F00BDFAC6 /* LDSession.m in Sources */ = {isa = PBXBuildFile; fileRef = 7A3922CC1977001F00BDFAC6 /* LDSession.m */; };
		7A3922D0197841C900BDFAC6 /* LDProjectsCell.m in Sources */ = {isa = PBXBuildFile; fileRef = 7A3922CF197841C900BDFAC6 /* LDProjectsCell.m */; };
		7A3922D2197841E200BDFAC6 /* LDProjectsCell.xib in Resources */ = {isa = PBXBuildFile; fileRef = 7A3922D1197841E200BDFAC6 /* LDProjectsCell.xib */; };
		7A76688F197D990D000F31F3 /* LDIssueStore.m in Sources */ = {isa = PBXBuildFile; fileRef = 7A76688E197D990D000F31F3 /* LDIssueStore.m */; };
		7A766892197DACA5000F31F3 /* LDMergeRequestStore.m in Sources */ = {isa = PBXBuildFile; fileRef = 7A766891197DACA5000F31F3 /* LDMergeRequestStore.m */; };
		7A82B580199BE7DD00E4446F /* LDMergeRequestViewController.m in Sources */ = {isa = PBXBuildFile; fileRef = 7A82B57F199BE7DD00E4446F /* LDMergeRequestViewController.m */; };
		7A82B582199BE88B00E4446F /* LDMergeRequestViewController.xib in Resources */ = {isa = PBXBuildFile; fileRef = 7A82B581199BE88B00E4446F /* LDMergeRequestViewController.xib */; };
		7A8E471719798CB10061A35A /* LDCommitsViewController.m in Sources */ = {isa = PBXBuildFile; fileRef = 7A8E471619798CB10061A35A /* LDCommitsViewController.m */; };
		7A8E471D19798E5C0061A35A /* LDCommitsCell.m in Sources */ = {isa = PBXBuildFile; fileRef = 7A8E471C19798E5C0061A35A /* LDCommitsCell.m */; };
		7A8E471F19798E6F0061A35A /* LDCommitsCell.xib in Resources */ = {isa = PBXBuildFile; fileRef = 7A8E471E19798E6F0061A35A /* LDCommitsCell.xib */; };
		7A8E4722197991050061A35A /* LDIssuesViewController.m in Sources */ = {isa = PBXBuildFile; fileRef = 7A8E4721197991050061A35A /* LDIssuesViewController.m */; };
		7A8E47251979914D0061A35A /* LDMergeRequestsViewController.m in Sources */ = {isa = PBXBuildFile; fileRef = 7A8E47241979914D0061A35A /* LDMergeRequestsViewController.m */; };
		7A8E4727197992300061A35A /* LDIssuesCell.xib in Resources */ = {isa = PBXBuildFile; fileRef = 7A8E4726197992300061A35A /* LDIssuesCell.xib */; };
		7A8E472A197992490061A35A /* LDIssuesCell.m in Sources */ = {isa = PBXBuildFile; fileRef = 7A8E4729197992490061A35A /* LDIssuesCell.m */; };
		7A8E472D197992C90061A35A /* LDMergeRequestsCell.m in Sources */ = {isa = PBXBuildFile; fileRef = 7A8E472C197992C90061A35A /* LDMergeRequestsCell.m */; };
		7A8E472F197992E30061A35A /* LDMergeRequestsCell.xib in Resources */ = {isa = PBXBuildFile; fileRef = 7A8E472E197992E30061A35A /* LDMergeRequestsCell.xib */; };
		7A8E47331979CBB30061A35A /* LDCommitsStore.m in Sources */ = {isa = PBXBuildFile; fileRef = 7A8E47321979CBB30061A35A /* LDCommitsStore.m */; };
		7ABAA4C71976ED0E00F00DA6 /* LDProjectsViewController.m in Sources */ = {isa = PBXBuildFile; fileRef = 7ABAA4C61976ED0E00F00DA6 /* LDProjectsViewController.m */; };
		7AC026B1199904B000B7A74D /* LDCommitViewController.m in Sources */ = {isa = PBXBuildFile; fileRef = 7AC026B0199904B000B7A74D /* LDCommitViewController.m */; };
		7AC026B419990A2D00B7A74D /* LDCommitStore.m in Sources */ = {isa = PBXBuildFile; fileRef = 7AC026B319990A2D00B7A74D /* LDCommitStore.m */; };
		7AC026B71999133200B7A74D /* LDDiffViewController.m in Sources */ = {isa = PBXBuildFile; fileRef = 7AC026B61999133200B7A74D /* LDDiffViewController.m */; };
		7AC026B91999135800B7A74D /* LDDiffViewController.xib in Resources */ = {isa = PBXBuildFile; fileRef = 7AC026B81999135800B7A74D /* LDDiffViewController.xib */; };
		7AC026BC1999506C00B7A74D /* LDIssueViewController.m in Sources */ = {isa = PBXBuildFile; fileRef = 7AC026BB1999506C00B7A74D /* LDIssueViewController.m */; };
		7AC026BE1999512E00B7A74D /* LDIssueViewController.xib in Resources */ = {isa = PBXBuildFile; fileRef = 7AC026BD1999512E00B7A74D /* LDIssueViewController.xib */; };
		7AD5459B199A940E00D8CA6C /* commits@2x.png in Resources */ = {isa = PBXBuildFile; fileRef = 7AD54595199A940E00D8CA6C /* commits@2x.png */; };
		7AD5459C199A940E00D8CA6C /* issues.png in Resources */ = {isa = PBXBuildFile; fileRef = 7AD54596199A940E00D8CA6C /* issues.png */; };
		7AD5459D199A940E00D8CA6C /* merge_requests@2x.png in Resources */ = {isa = PBXBuildFile; fileRef = 7AD54597199A940E00D8CA6C /* merge_requests@2x.png */; };
		7AD5459E199A940E00D8CA6C /* commits.png in Resources */ = {isa = PBXBuildFile; fileRef = 7AD54598199A940E00D8CA6C /* commits.png */; };
		7AD5459F199A940E00D8CA6C /* issues@2x.png in Resources */ = {isa = PBXBuildFile; fileRef = 7AD54599199A940E00D8CA6C /* issues@2x.png */; };
		7AD545A0199A940E00D8CA6C /* merge_requests.png in Resources */ = {isa = PBXBuildFile; fileRef = 7AD5459A199A940E00D8CA6C /* merge_requests.png */; };
		7AFEABEA1976CF5E005E2FB6 /* LDLoginViewController.m in Sources */ = {isa = PBXBuildFile; fileRef = 7AFEABE91976CF5E005E2FB6 /* LDLoginViewController.m */; };
		7AFEABF01976D173005E2FB6 /* LDLoginViewController.xib in Resources */ = {isa = PBXBuildFile; fileRef = 7AFEABEF1976D173005E2FB6 /* LDLoginViewController.xib */; };
/* End PBXBuildFile section */

/* Begin PBXContainerItemProxy section */
		7A142ECD1976C5AE008858E9 /* PBXContainerItemProxy */ = {
			isa = PBXContainerItemProxy;
			containerPortal = 7A142EA51976C5AE008858E9 /* Project object */;
			proxyType = 1;
			remoteGlobalIDString = 7A142EAC1976C5AE008858E9;
			remoteInfo = GitLab;
		};
/* End PBXContainerItemProxy section */

/* Begin PBXFileReference section */
		7A142EAD1976C5AE008858E9 /* GitLab.app */ = {isa = PBXFileReference; explicitFileType = wrapper.application; includeInIndex = 0; path = GitLab.app; sourceTree = BUILT_PRODUCTS_DIR; };
		7A142EB01976C5AE008858E9 /* Foundation.framework */ = {isa = PBXFileReference; lastKnownFileType = wrapper.framework; name = Foundation.framework; path = System/Library/Frameworks/Foundation.framework; sourceTree = SDKROOT; };
		7A142EB21976C5AE008858E9 /* CoreGraphics.framework */ = {isa = PBXFileReference; lastKnownFileType = wrapper.framework; name = CoreGraphics.framework; path = System/Library/Frameworks/CoreGraphics.framework; sourceTree = SDKROOT; };
		7A142EB41976C5AE008858E9 /* UIKit.framework */ = {isa = PBXFileReference; lastKnownFileType = wrapper.framework; name = UIKit.framework; path = System/Library/Frameworks/UIKit.framework; sourceTree = SDKROOT; };
		7A142EB81976C5AE008858E9 /* GitLab-Info.plist */ = {isa = PBXFileReference; lastKnownFileType = text.plist.xml; path = "GitLab-Info.plist"; sourceTree = "<group>"; };
		7A142EBA1976C5AE008858E9 /* en */ = {isa = PBXFileReference; lastKnownFileType = text.plist.strings; name = en; path = en.lproj/InfoPlist.strings; sourceTree = "<group>"; };
		7A142EBC1976C5AE008858E9 /* main.m */ = {isa = PBXFileReference; lastKnownFileType = sourcecode.c.objc; path = main.m; sourceTree = "<group>"; };
		7A142EBE1976C5AE008858E9 /* GitLab-Prefix.pch */ = {isa = PBXFileReference; lastKnownFileType = sourcecode.c.h; path = "GitLab-Prefix.pch"; sourceTree = "<group>"; };
		7A142EBF1976C5AE008858E9 /* LDAppDelegate.h */ = {isa = PBXFileReference; lastKnownFileType = sourcecode.c.h; path = LDAppDelegate.h; sourceTree = "<group>"; };
		7A142EC01976C5AE008858E9 /* LDAppDelegate.m */ = {isa = PBXFileReference; lastKnownFileType = sourcecode.c.objc; path = LDAppDelegate.m; sourceTree = "<group>"; };
		7A142EC21976C5AE008858E9 /* Images.xcassets */ = {isa = PBXFileReference; lastKnownFileType = folder.assetcatalog; path = Images.xcassets; sourceTree = "<group>"; };
		7A142EC81976C5AE008858E9 /* GitLabTests.xctest */ = {isa = PBXFileReference; explicitFileType = wrapper.cfbundle; includeInIndex = 0; path = GitLabTests.xctest; sourceTree = BUILT_PRODUCTS_DIR; };
		7A142EC91976C5AE008858E9 /* XCTest.framework */ = {isa = PBXFileReference; lastKnownFileType = wrapper.framework; name = XCTest.framework; path = Library/Frameworks/XCTest.framework; sourceTree = DEVELOPER_DIR; };
		7A142ED11976C5AE008858E9 /* GitLabTests-Info.plist */ = {isa = PBXFileReference; lastKnownFileType = text.plist.xml; path = "GitLabTests-Info.plist"; sourceTree = "<group>"; };
		7A142ED31976C5AE008858E9 /* en */ = {isa = PBXFileReference; lastKnownFileType = text.plist.strings; name = en; path = en.lproj/InfoPlist.strings; sourceTree = "<group>"; };
		7A142ED51976C5AE008858E9 /* GitLabTests.m */ = {isa = PBXFileReference; lastKnownFileType = sourcecode.c.objc; path = GitLabTests.m; sourceTree = "<group>"; };
		7A3922CB1977001F00BDFAC6 /* LDSession.h */ = {isa = PBXFileReference; fileEncoding = 4; lastKnownFileType = sourcecode.c.h; path = LDSession.h; sourceTree = "<group>"; };
		7A3922CC1977001F00BDFAC6 /* LDSession.m */ = {isa = PBXFileReference; fileEncoding = 4; lastKnownFileType = sourcecode.c.objc; path = LDSession.m; sourceTree = "<group>"; };
		7A3922CE197841C900BDFAC6 /* LDProjectsCell.h */ = {isa = PBXFileReference; fileEncoding = 4; lastKnownFileType = sourcecode.c.h; path = LDProjectsCell.h; sourceTree = "<group>"; };
		7A3922CF197841C900BDFAC6 /* LDProjectsCell.m */ = {isa = PBXFileReference; fileEncoding = 4; lastKnownFileType = sourcecode.c.objc; path = LDProjectsCell.m; sourceTree = "<group>"; };
		7A3922D1197841E200BDFAC6 /* LDProjectsCell.xib */ = {isa = PBXFileReference; fileEncoding = 4; lastKnownFileType = file.xib; path = LDProjectsCell.xib; sourceTree = "<group>"; };
		7A76688D197D990D000F31F3 /* LDIssueStore.h */ = {isa = PBXFileReference; fileEncoding = 4; lastKnownFileType = sourcecode.c.h; path = LDIssueStore.h; sourceTree = "<group>"; };
		7A76688E197D990D000F31F3 /* LDIssueStore.m */ = {isa = PBXFileReference; fileEncoding = 4; lastKnownFileType = sourcecode.c.objc; path = LDIssueStore.m; sourceTree = "<group>"; };
		7A766890197DACA5000F31F3 /* LDMergeRequestStore.h */ = {isa = PBXFileReference; fileEncoding = 4; lastKnownFileType = sourcecode.c.h; path = LDMergeRequestStore.h; sourceTree = "<group>"; };
		7A766891197DACA5000F31F3 /* LDMergeRequestStore.m */ = {isa = PBXFileReference; fileEncoding = 4; lastKnownFileType = sourcecode.c.objc; path = LDMergeRequestStore.m; sourceTree = "<group>"; };
		7A82B57E199BE7DD00E4446F /* LDMergeRequestViewController.h */ = {isa = PBXFileReference; fileEncoding = 4; lastKnownFileType = sourcecode.c.h; path = LDMergeRequestViewController.h; sourceTree = "<group>"; };
		7A82B57F199BE7DD00E4446F /* LDMergeRequestViewController.m */ = {isa = PBXFileReference; fileEncoding = 4; lastKnownFileType = sourcecode.c.objc; path = LDMergeRequestViewController.m; sourceTree = "<group>"; };
		7A82B581199BE88B00E4446F /* LDMergeRequestViewController.xib */ = {isa = PBXFileReference; fileEncoding = 4; lastKnownFileType = file.xib; path = LDMergeRequestViewController.xib; sourceTree = "<group>"; };
		7A8E471519798CB10061A35A /* LDCommitsViewController.h */ = {isa = PBXFileReference; fileEncoding = 4; lastKnownFileType = sourcecode.c.h; path = LDCommitsViewController.h; sourceTree = "<group>"; };
		7A8E471619798CB10061A35A /* LDCommitsViewController.m */ = {isa = PBXFileReference; fileEncoding = 4; lastKnownFileType = sourcecode.c.objc; path = LDCommitsViewController.m; sourceTree = "<group>"; };
		7A8E471B19798E5C0061A35A /* LDCommitsCell.h */ = {isa = PBXFileReference; fileEncoding = 4; lastKnownFileType = sourcecode.c.h; path = LDCommitsCell.h; sourceTree = "<group>"; };
		7A8E471C19798E5C0061A35A /* LDCommitsCell.m */ = {isa = PBXFileReference; fileEncoding = 4; lastKnownFileType = sourcecode.c.objc; path = LDCommitsCell.m; sourceTree = "<group>"; };
		7A8E471E19798E6F0061A35A /* LDCommitsCell.xib */ = {isa = PBXFileReference; fileEncoding = 4; lastKnownFileType = file.xib; path = LDCommitsCell.xib; sourceTree = "<group>"; };
		7A8E4720197991050061A35A /* LDIssuesViewController.h */ = {isa = PBXFileReference; fileEncoding = 4; lastKnownFileType = sourcecode.c.h; path = LDIssuesViewController.h; sourceTree = "<group>"; };
		7A8E4721197991050061A35A /* LDIssuesViewController.m */ = {isa = PBXFileReference; fileEncoding = 4; lastKnownFileType = sourcecode.c.objc; path = LDIssuesViewController.m; sourceTree = "<group>"; };
		7A8E47231979914D0061A35A /* LDMergeRequestsViewController.h */ = {isa = PBXFileReference; fileEncoding = 4; lastKnownFileType = sourcecode.c.h; path = LDMergeRequestsViewController.h; sourceTree = "<group>"; };
		7A8E47241979914D0061A35A /* LDMergeRequestsViewController.m */ = {isa = PBXFileReference; fileEncoding = 4; lastKnownFileType = sourcecode.c.objc; path = LDMergeRequestsViewController.m; sourceTree = "<group>"; };
		7A8E4726197992300061A35A /* LDIssuesCell.xib */ = {isa = PBXFileReference; fileEncoding = 4; lastKnownFileType = file.xib; path = LDIssuesCell.xib; sourceTree = "<group>"; };
		7A8E4728197992490061A35A /* LDIssuesCell.h */ = {isa = PBXFileReference; fileEncoding = 4; lastKnownFileType = sourcecode.c.h; path = LDIssuesCell.h; sourceTree = "<group>"; };
		7A8E4729197992490061A35A /* LDIssuesCell.m */ = {isa = PBXFileReference; fileEncoding = 4; lastKnownFileType = sourcecode.c.objc; path = LDIssuesCell.m; sourceTree = "<group>"; };
		7A8E472B197992C90061A35A /* LDMergeRequestsCell.h */ = {isa = PBXFileReference; fileEncoding = 4; lastKnownFileType = sourcecode.c.h; path = LDMergeRequestsCell.h; sourceTree = "<group>"; };
		7A8E472C197992C90061A35A /* LDMergeRequestsCell.m */ = {isa = PBXFileReference; fileEncoding = 4; lastKnownFileType = sourcecode.c.objc; path = LDMergeRequestsCell.m; sourceTree = "<group>"; };
		7A8E472E197992E30061A35A /* LDMergeRequestsCell.xib */ = {isa = PBXFileReference; fileEncoding = 4; lastKnownFileType = file.xib; path = LDMergeRequestsCell.xib; sourceTree = "<group>"; };
		7A8E47311979CBB30061A35A /* LDCommitsStore.h */ = {isa = PBXFileReference; fileEncoding = 4; lastKnownFileType = sourcecode.c.h; path = LDCommitsStore.h; sourceTree = "<group>"; };
		7A8E47321979CBB30061A35A /* LDCommitsStore.m */ = {isa = PBXFileReference; fileEncoding = 4; lastKnownFileType = sourcecode.c.objc; path = LDCommitsStore.m; sourceTree = "<group>"; };
		7ABAA4C51976ED0E00F00DA6 /* LDProjectsViewController.h */ = {isa = PBXFileReference; fileEncoding = 4; lastKnownFileType = sourcecode.c.h; path = LDProjectsViewController.h; sourceTree = "<group>"; };
		7ABAA4C61976ED0E00F00DA6 /* LDProjectsViewController.m */ = {isa = PBXFileReference; fileEncoding = 4; lastKnownFileType = sourcecode.c.objc; path = LDProjectsViewController.m; sourceTree = "<group>"; };
		7AC026AF199904B000B7A74D /* LDCommitViewController.h */ = {isa = PBXFileReference; fileEncoding = 4; lastKnownFileType = sourcecode.c.h; path = LDCommitViewController.h; sourceTree = "<group>"; };
		7AC026B0199904B000B7A74D /* LDCommitViewController.m */ = {isa = PBXFileReference; fileEncoding = 4; lastKnownFileType = sourcecode.c.objc; path = LDCommitViewController.m; sourceTree = "<group>"; };
		7AC026B219990A2D00B7A74D /* LDCommitStore.h */ = {isa = PBXFileReference; fileEncoding = 4; lastKnownFileType = sourcecode.c.h; path = LDCommitStore.h; sourceTree = "<group>"; };
		7AC026B319990A2D00B7A74D /* LDCommitStore.m */ = {isa = PBXFileReference; fileEncoding = 4; lastKnownFileType = sourcecode.c.objc; path = LDCommitStore.m; sourceTree = "<group>"; };
		7AC026B51999133200B7A74D /* LDDiffViewController.h */ = {isa = PBXFileReference; fileEncoding = 4; lastKnownFileType = sourcecode.c.h; path = LDDiffViewController.h; sourceTree = "<group>"; };
		7AC026B61999133200B7A74D /* LDDiffViewController.m */ = {isa = PBXFileReference; fileEncoding = 4; lastKnownFileType = sourcecode.c.objc; path = LDDiffViewController.m; sourceTree = "<group>"; };
		7AC026B81999135800B7A74D /* LDDiffViewController.xib */ = {isa = PBXFileReference; fileEncoding = 4; lastKnownFileType = file.xib; path = LDDiffViewController.xib; sourceTree = "<group>"; };
		7AC026BA1999506C00B7A74D /* LDIssueViewController.h */ = {isa = PBXFileReference; fileEncoding = 4; lastKnownFileType = sourcecode.c.h; path = LDIssueViewController.h; sourceTree = "<group>"; };
		7AC026BB1999506C00B7A74D /* LDIssueViewController.m */ = {isa = PBXFileReference; fileEncoding = 4; lastKnownFileType = sourcecode.c.objc; path = LDIssueViewController.m; sourceTree = "<group>"; };
		7AC026BD1999512E00B7A74D /* LDIssueViewController.xib */ = {isa = PBXFileReference; fileEncoding = 4; lastKnownFileType = file.xib; path = LDIssueViewController.xib; sourceTree = "<group>"; };
		7AD54595199A940E00D8CA6C /* commits@2x.png */ = {isa = PBXFileReference; lastKnownFileType = image.png; path = "commits@2x.png"; sourceTree = "<group>"; };
		7AD54596199A940E00D8CA6C /* issues.png */ = {isa = PBXFileReference; lastKnownFileType = image.png; path = issues.png; sourceTree = "<group>"; };
		7AD54597199A940E00D8CA6C /* merge_requests@2x.png */ = {isa = PBXFileReference; lastKnownFileType = image.png; path = "merge_requests@2x.png"; sourceTree = "<group>"; };
		7AD54598199A940E00D8CA6C /* commits.png */ = {isa = PBXFileReference; lastKnownFileType = image.png; path = commits.png; sourceTree = "<group>"; };
		7AD54599199A940E00D8CA6C /* issues@2x.png */ = {isa = PBXFileReference; lastKnownFileType = image.png; path = "issues@2x.png"; sourceTree = "<group>"; };
		7AD5459A199A940E00D8CA6C /* merge_requests.png */ = {isa = PBXFileReference; lastKnownFileType = image.png; path = merge_requests.png; sourceTree = "<group>"; };
		7AFEABE81976CF5E005E2FB6 /* LDLoginViewController.h */ = {isa = PBXFileReference; fileEncoding = 4; lastKnownFileType = sourcecode.c.h; path = LDLoginViewController.h; sourceTree = "<group>"; };
		7AFEABE91976CF5E005E2FB6 /* LDLoginViewController.m */ = {isa = PBXFileReference; fileEncoding = 4; lastKnownFileType = sourcecode.c.objc; path = LDLoginViewController.m; sourceTree = "<group>"; };
		7AFEABEF1976D173005E2FB6 /* LDLoginViewController.xib */ = {isa = PBXFileReference; fileEncoding = 4; lastKnownFileType = file.xib; path = LDLoginViewController.xib; sourceTree = "<group>"; };
/* End PBXFileReference section */

/* Begin PBXFrameworksBuildPhase section */
		7A142EAA1976C5AE008858E9 /* Frameworks */ = {
			isa = PBXFrameworksBuildPhase;
			buildActionMask = 2147483647;
			files = (
				7A142EB31976C5AE008858E9 /* CoreGraphics.framework in Frameworks */,
				7A142EB51976C5AE008858E9 /* UIKit.framework in Frameworks */,
				7A142EB11976C5AE008858E9 /* Foundation.framework in Frameworks */,
			);
			runOnlyForDeploymentPostprocessing = 0;
		};
		7A142EC51976C5AE008858E9 /* Frameworks */ = {
			isa = PBXFrameworksBuildPhase;
			buildActionMask = 2147483647;
			files = (
				7A142ECA1976C5AE008858E9 /* XCTest.framework in Frameworks */,
				7A142ECC1976C5AE008858E9 /* UIKit.framework in Frameworks */,
				7A142ECB1976C5AE008858E9 /* Foundation.framework in Frameworks */,
			);
			runOnlyForDeploymentPostprocessing = 0;
		};
/* End PBXFrameworksBuildPhase section */

/* Begin PBXGroup section */
		7A142EA41976C5AE008858E9 = {
			isa = PBXGroup;
			children = (
				7A142EB61976C5AE008858E9 /* GitLab */,
				7A142ECF1976C5AE008858E9 /* GitLabTests */,
				7A142EAF1976C5AE008858E9 /* Frameworks */,
				7A142EAE1976C5AE008858E9 /* Products */,
			);
			sourceTree = "<group>";
		};
		7A142EAE1976C5AE008858E9 /* Products */ = {
			isa = PBXGroup;
			children = (
				7A142EAD1976C5AE008858E9 /* GitLab.app */,
				7A142EC81976C5AE008858E9 /* GitLabTests.xctest */,
			);
			name = Products;
			sourceTree = "<group>";
		};
		7A142EAF1976C5AE008858E9 /* Frameworks */ = {
			isa = PBXGroup;
			children = (
				7A142EB01976C5AE008858E9 /* Foundation.framework */,
				7A142EB21976C5AE008858E9 /* CoreGraphics.framework */,
				7A142EB41976C5AE008858E9 /* UIKit.framework */,
				7A142EC91976C5AE008858E9 /* XCTest.framework */,
			);
			name = Frameworks;
			sourceTree = "<group>";
		};
		7A142EB61976C5AE008858E9 /* GitLab */ = {
			isa = PBXGroup;
			children = (
				7A766893197DAD05000F31F3 /* Model */,
				7A8E47301979C8030061A35A /* Cells */,
				7A142EBF1976C5AE008858E9 /* LDAppDelegate.h */,
				7A142EC01976C5AE008858E9 /* LDAppDelegate.m */,
				7AC026AF199904B000B7A74D /* LDCommitViewController.h */,
				7AC026B0199904B000B7A74D /* LDCommitViewController.m */,
				7A8E471519798CB10061A35A /* LDCommitsViewController.h */,
				7A8E471619798CB10061A35A /* LDCommitsViewController.m */,
				7AC026B51999133200B7A74D /* LDDiffViewController.h */,
				7AC026B61999133200B7A74D /* LDDiffViewController.m */,
				7AC026B81999135800B7A74D /* LDDiffViewController.xib */,
				7AC026BA1999506C00B7A74D /* LDIssueViewController.h */,
				7AC026BB1999506C00B7A74D /* LDIssueViewController.m */,
				7AC026BD1999512E00B7A74D /* LDIssueViewController.xib */,
				7A8E4720197991050061A35A /* LDIssuesViewController.h */,
				7A8E4721197991050061A35A /* LDIssuesViewController.m */,
				7AFEABE81976CF5E005E2FB6 /* LDLoginViewController.h */,
				7AFEABE91976CF5E005E2FB6 /* LDLoginViewController.m */,
				7AFEABEF1976D173005E2FB6 /* LDLoginViewController.xib */,
				7A82B57E199BE7DD00E4446F /* LDMergeRequestViewController.h */,
				7A82B57F199BE7DD00E4446F /* LDMergeRequestViewController.m */,
				7A82B581199BE88B00E4446F /* LDMergeRequestViewController.xib */,
				7A8E47231979914D0061A35A /* LDMergeRequestsViewController.h */,
				7A8E47241979914D0061A35A /* LDMergeRequestsViewController.m */,
				7ABAA4C51976ED0E00F00DA6 /* LDProjectsViewController.h */,
				7ABAA4C61976ED0E00F00DA6 /* LDProjectsViewController.m */,
				7A3922CB1977001F00BDFAC6 /* LDSession.h */,
				7A3922CC1977001F00BDFAC6 /* LDSession.m */,
				7A142EC21976C5AE008858E9 /* Images.xcassets */,
				7A142EB71976C5AE008858E9 /* Supporting Files */,
			);
			path = GitLab;
			sourceTree = "<group>";
		};
		7A142EB71976C5AE008858E9 /* Supporting Files */ = {
			isa = PBXGroup;
			children = (
				7AD54595199A940E00D8CA6C /* commits@2x.png */,
				7AD54596199A940E00D8CA6C /* issues.png */,
				7AD54597199A940E00D8CA6C /* merge_requests@2x.png */,
				7AD54598199A940E00D8CA6C /* commits.png */,
				7AD54599199A940E00D8CA6C /* issues@2x.png */,
				7AD5459A199A940E00D8CA6C /* merge_requests.png */,
				7A142EB81976C5AE008858E9 /* GitLab-Info.plist */,
				7A142EB91976C5AE008858E9 /* InfoPlist.strings */,
				7A142EBC1976C5AE008858E9 /* main.m */,
				7A142EBE1976C5AE008858E9 /* GitLab-Prefix.pch */,
			);
			name = "Supporting Files";
			sourceTree = "<group>";
		};
		7A142ECF1976C5AE008858E9 /* GitLabTests */ = {
			isa = PBXGroup;
			children = (
				7A142ED51976C5AE008858E9 /* GitLabTests.m */,
				7A142ED01976C5AE008858E9 /* Supporting Files */,
			);
			path = GitLabTests;
			sourceTree = "<group>";
		};
		7A142ED01976C5AE008858E9 /* Supporting Files */ = {
			isa = PBXGroup;
			children = (
				7A142ED11976C5AE008858E9 /* GitLabTests-Info.plist */,
				7A142ED21976C5AE008858E9 /* InfoPlist.strings */,
			);
			name = "Supporting Files";
			sourceTree = "<group>";
		};
		7A766893197DAD05000F31F3 /* Model */ = {
			isa = PBXGroup;
			children = (
				7AC026B219990A2D00B7A74D /* LDCommitStore.h */,
				7AC026B319990A2D00B7A74D /* LDCommitStore.m */,
				7A8E47311979CBB30061A35A /* LDCommitsStore.h */,
				7A8E47321979CBB30061A35A /* LDCommitsStore.m */,
				7A76688D197D990D000F31F3 /* LDIssueStore.h */,
				7A76688E197D990D000F31F3 /* LDIssueStore.m */,
				7A766890197DACA5000F31F3 /* LDMergeRequestStore.h */,
				7A766891197DACA5000F31F3 /* LDMergeRequestStore.m */,
			);
			name = Model;
			sourceTree = "<group>";
		};
		7A8E47301979C8030061A35A /* Cells */ = {
			isa = PBXGroup;
			children = (
				7A8E471B19798E5C0061A35A /* LDCommitsCell.h */,
				7A8E471C19798E5C0061A35A /* LDCommitsCell.m */,
				7A8E471E19798E6F0061A35A /* LDCommitsCell.xib */,
				7A8E4728197992490061A35A /* LDIssuesCell.h */,
				7A8E4729197992490061A35A /* LDIssuesCell.m */,
				7A8E4726197992300061A35A /* LDIssuesCell.xib */,
				7A8E472B197992C90061A35A /* LDMergeRequestsCell.h */,
				7A8E472C197992C90061A35A /* LDMergeRequestsCell.m */,
				7A8E472E197992E30061A35A /* LDMergeRequestsCell.xib */,
				7A3922CE197841C900BDFAC6 /* LDProjectsCell.h */,
				7A3922CF197841C900BDFAC6 /* LDProjectsCell.m */,
				7A3922D1197841E200BDFAC6 /* LDProjectsCell.xib */,
			);
			name = Cells;
			sourceTree = "<group>";
		};
/* End PBXGroup section */

/* Begin PBXNativeTarget section */
		7A142EAC1976C5AE008858E9 /* GitLab */ = {
			isa = PBXNativeTarget;
			buildConfigurationList = 7A142ED91976C5AE008858E9 /* Build configuration list for PBXNativeTarget "GitLab" */;
			buildPhases = (
				7A142EA91976C5AE008858E9 /* Sources */,
				7A142EAA1976C5AE008858E9 /* Frameworks */,
				7A142EAB1976C5AE008858E9 /* Resources */,
			);
			buildRules = (
			);
			dependencies = (
			);
			name = GitLab;
			productName = GitLab;
			productReference = 7A142EAD1976C5AE008858E9 /* GitLab.app */;
			productType = "com.apple.product-type.application";
		};
		7A142EC71976C5AE008858E9 /* GitLabTests */ = {
			isa = PBXNativeTarget;
			buildConfigurationList = 7A142EDC1976C5AE008858E9 /* Build configuration list for PBXNativeTarget "GitLabTests" */;
			buildPhases = (
				7A142EC41976C5AE008858E9 /* Sources */,
				7A142EC51976C5AE008858E9 /* Frameworks */,
				7A142EC61976C5AE008858E9 /* Resources */,
			);
			buildRules = (
			);
			dependencies = (
				7A142ECE1976C5AE008858E9 /* PBXTargetDependency */,
			);
			name = GitLabTests;
			productName = GitLabTests;
			productReference = 7A142EC81976C5AE008858E9 /* GitLabTests.xctest */;
			productType = "com.apple.product-type.bundle.unit-test";
		};
/* End PBXNativeTarget section */

/* Begin PBXProject section */
		7A142EA51976C5AE008858E9 /* Project object */ = {
			isa = PBXProject;
			attributes = {
				CLASSPREFIX = LD;
				LastUpgradeCheck = 0510;
				ORGANIZATIONNAME = Logicdrop;
				TargetAttributes = {
					7A142EC71976C5AE008858E9 = {
						TestTargetID = 7A142EAC1976C5AE008858E9;
					};
				};
			};
			buildConfigurationList = 7A142EA81976C5AE008858E9 /* Build configuration list for PBXProject "GitLab" */;
			compatibilityVersion = "Xcode 3.2";
			developmentRegion = English;
			hasScannedForEncodings = 0;
			knownRegions = (
				en,
			);
			mainGroup = 7A142EA41976C5AE008858E9;
			productRefGroup = 7A142EAE1976C5AE008858E9 /* Products */;
			projectDirPath = "";
			projectRoot = "";
			targets = (
				7A142EAC1976C5AE008858E9 /* GitLab */,
				7A142EC71976C5AE008858E9 /* GitLabTests */,
			);
		};
/* End PBXProject section */

/* Begin PBXResourcesBuildPhase section */
		7A142EAB1976C5AE008858E9 /* Resources */ = {
			isa = PBXResourcesBuildPhase;
			buildActionMask = 2147483647;
			files = (
				7AD545A0199A940E00D8CA6C /* merge_requests.png in Resources */,
				7AC026BE1999512E00B7A74D /* LDIssueViewController.xib in Resources */,
				7A82B582199BE88B00E4446F /* LDMergeRequestViewController.xib in Resources */,
				7AD5459B199A940E00D8CA6C /* commits@2x.png in Resources */,
				7A8E472F197992E30061A35A /* LDMergeRequestsCell.xib in Resources */,
				7AD5459F199A940E00D8CA6C /* issues@2x.png in Resources */,
				7A8E471F19798E6F0061A35A /* LDCommitsCell.xib in Resources */,
				7AC026B91999135800B7A74D /* LDDiffViewController.xib in Resources */,
				7A142EBB1976C5AE008858E9 /* InfoPlist.strings in Resources */,
				7A3922D2197841E200BDFAC6 /* LDProjectsCell.xib in Resources */,
				7AD5459E199A940E00D8CA6C /* commits.png in Resources */,
				7A8E4727197992300061A35A /* LDIssuesCell.xib in Resources */,
				7AD5459C199A940E00D8CA6C /* issues.png in Resources */,
				7AD5459D199A940E00D8CA6C /* merge_requests@2x.png in Resources */,
				7A142EC31976C5AE008858E9 /* Images.xcassets in Resources */,
				7AFEABF01976D173005E2FB6 /* LDLoginViewController.xib in Resources */,
			);
			runOnlyForDeploymentPostprocessing = 0;
		};
		7A142EC61976C5AE008858E9 /* Resources */ = {
			isa = PBXResourcesBuildPhase;
			buildActionMask = 2147483647;
			files = (
				7A142ED41976C5AE008858E9 /* InfoPlist.strings in Resources */,
			);
			runOnlyForDeploymentPostprocessing = 0;
		};
/* End PBXResourcesBuildPhase section */

/* Begin PBXSourcesBuildPhase section */
		7A142EA91976C5AE008858E9 /* Sources */ = {
			isa = PBXSourcesBuildPhase;
			buildActionMask = 2147483647;
			files = (
				7A8E472D197992C90061A35A /* LDMergeRequestsCell.m in Sources */,
				7A766892197DACA5000F31F3 /* LDMergeRequestStore.m in Sources */,
				7AC026BC1999506C00B7A74D /* LDIssueViewController.m in Sources */,
				7AC026B419990A2D00B7A74D /* LDCommitStore.m in Sources */,
				7AFEABEA1976CF5E005E2FB6 /* LDLoginViewController.m in Sources */,
				7A82B580199BE7DD00E4446F /* LDMergeRequestViewController.m in Sources */,
				7A8E471719798CB10061A35A /* LDCommitsViewController.m in Sources */,
				7A8E471D19798E5C0061A35A /* LDCommitsCell.m in Sources */,
				7A8E472A197992490061A35A /* LDIssuesCell.m in Sources */,
				7A76688F197D990D000F31F3 /* LDIssueStore.m in Sources */,
				7A8E4722197991050061A35A /* LDIssuesViewController.m in Sources */,
				7AC026B1199904B000B7A74D /* LDCommitViewController.m in Sources */,
				7A3922D0197841C900BDFAC6 /* LDProjectsCell.m in Sources */,
				7A8E47251979914D0061A35A /* LDMergeRequestsViewController.m in Sources */,
				7AC026B71999133200B7A74D /* LDDiffViewController.m in Sources */,
				7A142EC11976C5AE008858E9 /* LDAppDelegate.m in Sources */,
				7A3922CD1977001F00BDFAC6 /* LDSession.m in Sources */,
				7ABAA4C71976ED0E00F00DA6 /* LDProjectsViewController.m in Sources */,
				7A8E47331979CBB30061A35A /* LDCommitsStore.m in Sources */,
				7A142EBD1976C5AE008858E9 /* main.m in Sources */,
			);
			runOnlyForDeploymentPostprocessing = 0;
		};
		7A142EC41976C5AE008858E9 /* Sources */ = {
			isa = PBXSourcesBuildPhase;
			buildActionMask = 2147483647;
			files = (
				7A142ED61976C5AE008858E9 /* GitLabTests.m in Sources */,
			);
			runOnlyForDeploymentPostprocessing = 0;
		};
/* End PBXSourcesBuildPhase section */

/* Begin PBXTargetDependency section */
		7A142ECE1976C5AE008858E9 /* PBXTargetDependency */ = {
			isa = PBXTargetDependency;
			target = 7A142EAC1976C5AE008858E9 /* GitLab */;
			targetProxy = 7A142ECD1976C5AE008858E9 /* PBXContainerItemProxy */;
		};
/* End PBXTargetDependency section */

/* Begin PBXVariantGroup section */
		7A142EB91976C5AE008858E9 /* InfoPlist.strings */ = {
			isa = PBXVariantGroup;
			children = (
				7A142EBA1976C5AE008858E9 /* en */,
			);
			name = InfoPlist.strings;
			sourceTree = "<group>";
		};
		7A142ED21976C5AE008858E9 /* InfoPlist.strings */ = {
			isa = PBXVariantGroup;
			children = (
				7A142ED31976C5AE008858E9 /* en */,
			);
			name = InfoPlist.strings;
			sourceTree = "<group>";
		};
/* End PBXVariantGroup section */

/* Begin XCBuildConfiguration section */
		7A142ED71976C5AE008858E9 /* Debug */ = {
			isa = XCBuildConfiguration;
			buildSettings = {
				ALWAYS_SEARCH_USER_PATHS = NO;
				CLANG_CXX_LANGUAGE_STANDARD = "gnu++0x";
				CLANG_CXX_LIBRARY = "libc++";
				CLANG_ENABLE_MODULES = YES;
				CLANG_ENABLE_OBJC_ARC = YES;
				CLANG_WARN_BOOL_CONVERSION = YES;
				CLANG_WARN_CONSTANT_CONVERSION = YES;
				CLANG_WARN_DIRECT_OBJC_ISA_USAGE = YES_ERROR;
				CLANG_WARN_EMPTY_BODY = YES;
				CLANG_WARN_ENUM_CONVERSION = YES;
				CLANG_WARN_INT_CONVERSION = YES;
				CLANG_WARN_OBJC_ROOT_CLASS = YES_ERROR;
				CLANG_WARN__DUPLICATE_METHOD_MATCH = YES;
				"CODE_SIGN_IDENTITY[sdk=iphoneos*]" = "iPhone Developer";
				COPY_PHASE_STRIP = NO;
				GCC_C_LANGUAGE_STANDARD = gnu99;
				GCC_DYNAMIC_NO_PIC = NO;
				GCC_OPTIMIZATION_LEVEL = 0;
				GCC_PREPROCESSOR_DEFINITIONS = (
					"DEBUG=1",
					"$(inherited)",
				);
				GCC_SYMBOLS_PRIVATE_EXTERN = NO;
				GCC_WARN_64_TO_32_BIT_CONVERSION = YES;
				GCC_WARN_ABOUT_RETURN_TYPE = YES_ERROR;
				GCC_WARN_UNDECLARED_SELECTOR = YES;
				GCC_WARN_UNINITIALIZED_AUTOS = YES_AGGRESSIVE;
				GCC_WARN_UNUSED_FUNCTION = YES;
				GCC_WARN_UNUSED_VARIABLE = YES;
				IPHONEOS_DEPLOYMENT_TARGET = 7.1;
				ONLY_ACTIVE_ARCH = YES;
				SDKROOT = iphoneos;
			};
			name = Debug;
		};
		7A142ED81976C5AE008858E9 /* Release */ = {
			isa = XCBuildConfiguration;
			buildSettings = {
				ALWAYS_SEARCH_USER_PATHS = NO;
				CLANG_CXX_LANGUAGE_STANDARD = "gnu++0x";
				CLANG_CXX_LIBRARY = "libc++";
				CLANG_ENABLE_MODULES = YES;
				CLANG_ENABLE_OBJC_ARC = YES;
				CLANG_WARN_BOOL_CONVERSION = YES;
				CLANG_WARN_CONSTANT_CONVERSION = YES;
				CLANG_WARN_DIRECT_OBJC_ISA_USAGE = YES_ERROR;
				CLANG_WARN_EMPTY_BODY = YES;
				CLANG_WARN_ENUM_CONVERSION = YES;
				CLANG_WARN_INT_CONVERSION = YES;
				CLANG_WARN_OBJC_ROOT_CLASS = YES_ERROR;
				CLANG_WARN__DUPLICATE_METHOD_MATCH = YES;
				"CODE_SIGN_IDENTITY[sdk=iphoneos*]" = "iPhone Developer";
				COPY_PHASE_STRIP = YES;
				ENABLE_NS_ASSERTIONS = NO;
				GCC_C_LANGUAGE_STANDARD = gnu99;
				GCC_WARN_64_TO_32_BIT_CONVERSION = YES;
				GCC_WARN_ABOUT_RETURN_TYPE = YES_ERROR;
				GCC_WARN_UNDECLARED_SELECTOR = YES;
				GCC_WARN_UNINITIALIZED_AUTOS = YES_AGGRESSIVE;
				GCC_WARN_UNUSED_FUNCTION = YES;
				GCC_WARN_UNUSED_VARIABLE = YES;
				IPHONEOS_DEPLOYMENT_TARGET = 7.1;
				SDKROOT = iphoneos;
				VALIDATE_PRODUCT = YES;
			};
			name = Release;
		};
		7A142EDA1976C5AE008858E9 /* Debug */ = {
			isa = XCBuildConfiguration;
			buildSettings = {
				ASSETCATALOG_COMPILER_APPICON_NAME = AppIcon;
				ASSETCATALOG_COMPILER_LAUNCHIMAGE_NAME = LaunchImage;
				GCC_PRECOMPILE_PREFIX_HEADER = YES;
				GCC_PREFIX_HEADER = "GitLab/GitLab-Prefix.pch";
				INFOPLIST_FILE = "GitLab/GitLab-Info.plist";
				PRODUCT_NAME = "$(TARGET_NAME)";
				WRAPPER_EXTENSION = app;
			};
			name = Debug;
		};
		7A142EDB1976C5AE008858E9 /* Release */ = {
			isa = XCBuildConfiguration;
			buildSettings = {
				ASSETCATALOG_COMPILER_APPICON_NAME = AppIcon;
				ASSETCATALOG_COMPILER_LAUNCHIMAGE_NAME = LaunchImage;
				GCC_PRECOMPILE_PREFIX_HEADER = YES;
				GCC_PREFIX_HEADER = "GitLab/GitLab-Prefix.pch";
				INFOPLIST_FILE = "GitLab/GitLab-Info.plist";
				PRODUCT_NAME = "$(TARGET_NAME)";
				WRAPPER_EXTENSION = app;
			};
			name = Release;
		};
		7A142EDD1976C5AE008858E9 /* Debug */ = {
			isa = XCBuildConfiguration;
			buildSettings = {
				BUNDLE_LOADER = "$(BUILT_PRODUCTS_DIR)/GitLab.app/GitLab";
				FRAMEWORK_SEARCH_PATHS = (
					"$(SDKROOT)/Developer/Library/Frameworks",
					"$(inherited)",
					"$(DEVELOPER_FRAMEWORKS_DIR)",
				);
				GCC_PRECOMPILE_PREFIX_HEADER = YES;
				GCC_PREFIX_HEADER = "GitLab/GitLab-Prefix.pch";
				GCC_PREPROCESSOR_DEFINITIONS = (
					"DEBUG=1",
					"$(inherited)",
				);
				INFOPLIST_FILE = "GitLabTests/GitLabTests-Info.plist";
				PRODUCT_NAME = "$(TARGET_NAME)";
				TEST_HOST = "$(BUNDLE_LOADER)";
				WRAPPER_EXTENSION = xctest;
			};
			name = Debug;
		};
		7A142EDE1976C5AE008858E9 /* Release */ = {
			isa = XCBuildConfiguration;
			buildSettings = {
				BUNDLE_LOADER = "$(BUILT_PRODUCTS_DIR)/GitLab.app/GitLab";
				FRAMEWORK_SEARCH_PATHS = (
					"$(SDKROOT)/Developer/Library/Frameworks",
					"$(inherited)",
					"$(DEVELOPER_FRAMEWORKS_DIR)",
				);
				GCC_PRECOMPILE_PREFIX_HEADER = YES;
				GCC_PREFIX_HEADER = "GitLab/GitLab-Prefix.pch";
				INFOPLIST_FILE = "GitLabTests/GitLabTests-Info.plist";
				PRODUCT_NAME = "$(TARGET_NAME)";
				TEST_HOST = "$(BUNDLE_LOADER)";
				WRAPPER_EXTENSION = xctest;
			};
			name = Release;
		};
/* End XCBuildConfiguration section */

/* Begin XCConfigurationList section */
		7A142EA81976C5AE008858E9 /* Build configuration list for PBXProject "GitLab" */ = {
			isa = XCConfigurationList;
			buildConfigurations = (
				7A142ED71976C5AE008858E9 /* Debug */,
				7A142ED81976C5AE008858E9 /* Release */,
			);
			defaultConfigurationIsVisible = 0;
			defaultConfigurationName = Release;
		};
		7A142ED91976C5AE008858E9 /* Build configuration list for PBXNativeTarget "GitLab" */ = {
			isa = XCConfigurationList;
			buildConfigurations = (
				7A142EDA1976C5AE008858E9 /* Debug */,
				7A142EDB1976C5AE008858E9 /* Release */,
			);
			defaultConfigurationIsVisible = 0;
			defaultConfigurationName = Release;
		};
		7A142EDC1976C5AE008858E9 /* Build configuration list for PBXNativeTarget "GitLabTests" */ = {
			isa = XCConfigurationList;
			buildConfigurations = (
				7A142EDD1976C5AE008858E9 /* Debug */,
				7A142EDE1976C5AE008858E9 /* Release */,
			);
			defaultConfigurationIsVisible = 0;
			defaultConfigurationName = Release;
		};
/* End XCConfigurationList section */
	};
	rootObject = 7A142EA51976C5AE008858E9 /* Project object */;
}
